Microsoft Visual Studio Solution File, Format Version 12.00
# Visual Studio Version 17
VisualStudioVersion = 17.5.2.0
MinimumVisualStudioVersion = 10.0.40219.1
Project("{FAE04EC0-301F-11D3-BF4B-00C04F79EFBC}") = "SimpleProductOrderApi", "SimpleProductOrderApi\SimpleProductOrderApi.csproj", "{F62655CB-25EB-7FF3-24DA-8FA7435FEF92}"
EndProject
Global
	GlobalSection(SolutionConfigurationPlatforms) = preSolution
		Debug|Any CPU = Debug|Any CPU
		Release|Any CPU = Release|Any CPU
	EndGlobalSection
	GlobalSection(ProjectConfigurationPlatforms) = postSolution
		{F62655CB-25EB-7FF3-24DA-8FA7435FEF92}.Debug|Any CPU.ActiveCfg = Debug|Any CPU
		{F62655CB-25EB-7FF3-24DA-8FA7435FEF92}.Debug|Any CPU.Build.0 = Debug|Any CPU
		{F62655CB-25EB-7FF3-24DA-8FA7435FEF92}.Release|Any CPU.ActiveCfg = Release|Any CPU
		{F62655CB-25EB-7FF3-24DA-8FA7435FEF92}.Release|Any CPU.Build.0 = Release|Any CPU
	EndGlobalSection
	GlobalSection(SolutionProperties) = preSolution
		HideSolutionNode = FALSE
	EndGlobalSection
	GlobalSection(ExtensibilityGlobals) = postSolution
		SolutionGuid = {17E58A76-6FCA-4691-9CDC-5E4E96AB5880}
	EndGlobalSection
EndGlobal
