Microsoft Visual Studio Solution File, Format Version 12.00
# Visual Studio Version 17
VisualStudioVersion = 17.5.2.0
MinimumVisualStudioVersion = 10.0.40219.1
Project("{FAE04EC0-301F-11D3-BF4B-00C04F79EFBC}") = "SimpleProductOrderApi", "SimpleProductOrderApi.csproj", "{B46ED10D-BA38-646C-FFD6-88983FD64835}"
EndProject
Global
	GlobalSection(SolutionConfigurationPlatforms) = preSolution
		Debug|Any CPU = Debug|Any CPU
		Release|Any CPU = Release|Any CPU
	EndGlobalSection
	GlobalSection(ProjectConfigurationPlatforms) = postSolution
		{B46ED10D-BA38-646C-FFD6-88983FD64835}.Debug|Any CPU.ActiveCfg = Debug|Any CPU
		{B46ED10D-BA38-646C-FFD6-88983FD64835}.Debug|Any CPU.Build.0 = Debug|Any CPU
		{B46ED10D-BA38-646C-FFD6-88983FD64835}.Release|Any CPU.ActiveCfg = Release|Any CPU
		{B46ED10D-BA38-646C-FFD6-88983FD64835}.Release|Any CPU.Build.0 = Release|Any CPU
	EndGlobalSection
	GlobalSection(SolutionProperties) = preSolution
		HideSolutionNode = FALSE
	EndGlobalSection
	GlobalSection(ExtensibilityGlobals) = postSolution
		SolutionGuid = {D298267D-9FCB-48F8-9A1A-B19FC5F02CEC}
	EndGlobalSection
EndGlobal
